// !$*UTF8*$!
{
	archiveVersion = 1;
	classes = {
	};
	objectVersion = 56;
	objects = {

/* Begin PBXBuildFile section */
		E20E288E29AD92B300482041 /* superhero.swift in Sources */ = {isa = PBXBuildFile; fileRef = E20E288D29AD92B300482041 /* superhero.swift */; };
		E255F1CC29AB208000BC9DF0 /* AppDelegate.swift in Sources */ = {isa = PBXBuildFile; fileRef = E255F1CB29AB208000BC9DF0 /* AppDelegate.swift */; };
		E255F1CE29AB208000BC9DF0 /* SceneDelegate.swift in Sources */ = {isa = PBXBuildFile; fileRef = E255F1CD29AB208000BC9DF0 /* SceneDelegate.swift */; };
		E255F1D029AB208000BC9DF0 /* ViewController.swift in Sources */ = {isa = PBXBuildFile; fileRef = E255F1CF29AB208000BC9DF0 /* ViewController.swift */; };
		E255F1D329AB208000BC9DF0 /* Main.storyboard in Resources */ = {isa = PBXBuildFile; fileRef = E255F1D129AB208000BC9DF0 /* Main.storyboard */; };
		E255F1D529AB208200BC9DF0 /* Assets.xcassets in Resources */ = {isa = PBXBuildFile; fileRef = E255F1D429AB208200BC9DF0 /* Assets.xcassets */; };
		E255F1D829AB208200BC9DF0 /* LaunchScreen.storyboard in Resources */ = {isa = PBXBuildFile; fileRef = E255F1D629AB208200BC9DF0 /* LaunchScreen.storyboard */; };
		E267425C29AD396400F1114A /* DetailViewController.swift in Sources */ = {isa = PBXBuildFile; fileRef = E267425B29AD396400F1114A /* DetailViewController.swift */; };
/* End PBXBuildFile section */

/* Begin PBXFileReference section */
		E20E288D29AD92B300482041 /* superhero.swift */ = {isa = PBXFileReference; lastKnownFileType = sourcecode.swift; path = superhero.swift; sourceTree = "<group>"; };
		E255F1C829AB208000BC9DF0 /* superheroStory.app */ = {isa = PBXFileReference; explicitFileType = wrapper.application; includeInIndex = 0; path = superheroStory.app; sourceTree = BUILT_PRODUCTS_DIR; };
		E255F1CB29AB208000BC9DF0 /* AppDelegate.swift */ = {isa = PBXFileReference; lastKnownFileType = sourcecode.swift; path = AppDelegate.swift; sourceTree = "<group>"; };
		E255F1CD29AB208000BC9DF0 /* SceneDelegate.swift */ = {isa = PBXFileReference; lastKnownFileType = sourcecode.swift; path = SceneDelegate.swift; sourceTree = "<group>"; };
		E255F1CF29AB208000BC9DF0 /* ViewController.swift */ = {isa = PBXFileReference; lastKnownFileType = sourcecode.swift; path = ViewController.swift; sourceTree = "<group>"; };
		E255F1D229AB208000BC9DF0 /* Base */ = {isa = PBXFileReference; lastKnownFileType = file.storyboard; name = Base; path = Base.lproj/Main.storyboard; sourceTree = "<group>"; };
		E255F1D429AB208200BC9DF0 /* Assets.xcassets */ = {isa = PBXFileReference; lastKnownFileType = folder.assetcatalog; path = Assets.xcassets; sourceTree = "<group>"; };
		E255F1D729AB208200BC9DF0 /* Base */ = {isa = PBXFileReference; lastKnownFileType = file.storyboard; name = Base; path = Base.lproj/LaunchScreen.storyboard; sourceTree = "<group>"; };
		E255F1D929AB208200BC9DF0 /* Info.plist */ = {isa = PBXFileReference; lastKnownFileType = text.plist.xml; path = Info.plist; sourceTree = "<group>"; };
		E267425B29AD396400F1114A /* DetailViewController.swift */ = {isa = PBXFileReference; lastKnownFileType = sourcecode.swift; path = DetailViewController.swift; sourceTree = "<group>"; };
/* End PBXFileReference section */

/* Begin PBXFrameworksBuildPhase section */
		E255F1C529AB208000BC9DF0 /* Frameworks */ = {
			isa = PBXFrameworksBuildPhase;
			buildActionMask = 2147483647;
			files = (
			);
			runOnlyForDeploymentPostprocessing = 0;
		};
/* End PBXFrameworksBuildPhase section */

/* Begin PBXGroup section */
		E255F1BF29AB208000BC9DF0 = {
			isa = PBXGroup;
			children = (
				E255F1CA29AB208000BC9DF0 /* superheroStory */,
				E255F1C929AB208000BC9DF0 /* Products */,
			);
			sourceTree = "<group>";
		};
		E255F1C929AB208000BC9DF0 /* Products */ = {
			isa = PBXGroup;
			children = (
				E255F1C829AB208000BC9DF0 /* superheroStory.app */,
			);
			name = Products;
			sourceTree = "<group>";
		};
		E255F1CA29AB208000BC9DF0 /* superheroStory */ = {
			isa = PBXGroup;
			children = (
				E255F1CB29AB208000BC9DF0 /* AppDelegate.swift */,
				E255F1CD29AB208000BC9DF0 /* SceneDelegate.swift */,
				E255F1CF29AB208000BC9DF0 /* ViewController.swift */,
				E267425B29AD396400F1114A /* DetailViewController.swift */,
				E255F1D129AB208000BC9DF0 /* Main.storyboard */,
				E255F1D429AB208200BC9DF0 /* Assets.xcassets */,
				E255F1D629AB208200BC9DF0 /* LaunchScreen.storyboard */,
				E255F1D929AB208200BC9DF0 /* Info.plist */,
				E20E288D29AD92B300482041 /* superhero.swift */,
			);
			path = superheroStory;
			sourceTree = "<group>";
		};
/* End PBXGroup section */

/* Begin PBXNativeTarget section */
		E255F1C729AB208000BC9DF0 /* superheroStory */ = {
			isa = PBXNativeTarget;
			buildConfigurationList = E255F1DC29AB208200BC9DF0 /* Build configuration list for PBXNativeTarget "superheroStory" */;
			buildPhases = (
				E255F1C429AB208000BC9DF0 /* Sources */,
				E255F1C529AB208000BC9DF0 /* Frameworks */,
				E255F1C629AB208000BC9DF0 /* Resources */,
			);
			buildRules = (
			);
			dependencies = (
			);
			name = superheroStory;
			productName = superheroStory;
			productReference = E255F1C829AB208000BC9DF0 /* superheroStory.app */;
			productType = "com.apple.product-type.application";
		};
/* End PBXNativeTarget section */

/* Begin PBXProject section */
		E255F1C029AB208000BC9DF0 /* Project object */ = {
			isa = PBXProject;
			attributes = {
				BuildIndependentTargetsInParallel = 1;
				LastSwiftUpdateCheck = 1400;
				LastUpgradeCheck = 1400;
				TargetAttributes = {
					E255F1C729AB208000BC9DF0 = {
						CreatedOnToolsVersion = 14.0.1;
					};
				};
			};
			buildConfigurationList = E255F1C329AB208000BC9DF0 /* Build configuration list for PBXProject "superheroStory" */;
			compatibilityVersion = "Xcode 14.0";
			developmentRegion = en;
			hasScannedForEncodings = 0;
			knownRegions = (
				en,
				Base,
			);
			mainGroup = E255F1BF29AB208000BC9DF0;
			productRefGroup = E255F1C929AB208000BC9DF0 /* Products */;
			projectDirPath = "";
			projectRoot = "";
			targets = (
				E255F1C729AB208000BC9DF0 /* superheroStory */,
			);
		};
/* End PBXProject section */

/* Begin PBXResourcesBuildPhase section */
		E255F1C629AB208000BC9DF0 /* Resources */ = {
			isa = PBXResourcesBuildPhase;
			buildActionMask = 2147483647;
			files = (
				E255F1D829AB208200BC9DF0 /* LaunchScreen.storyboard in Resources */,
				E255F1D529AB208200BC9DF0 /* Assets.xcassets in Resources */,
				E255F1D329AB208000BC9DF0 /* Main.storyboard in Resources */,
			);
			runOnlyForDeploymentPostprocessing = 0;
		};
/* End PBXResourcesBuildPhase section */

/* Begin PBXSourcesBuildPhase section */
		E255F1C429AB208000BC9DF0 /* Sources */ = {
			isa = PBXSourcesBuildPhase;
			buildActionMask = 2147483647;
			files = (
				E20E288E29AD92B300482041 /* superhero.swift in Sources */,
				E255F1D029AB208000BC9DF0 /* ViewController.swift in Sources */,
				E255F1CC29AB208000BC9DF0 /* AppDelegate.swift in Sources */,
				E255F1CE29AB208000BC9DF0 /* SceneDelegate.swift in Sources */,
				E267425C29AD396400F1114A /* DetailViewController.swift in Sources */,
			);
			runOnlyForDeploymentPostprocessing = 0;
		};
/* End PBXSourcesBuildPhase section */

/* Begin PBXVariantGroup section */
		E255F1D129AB208000BC9DF0 /* Main.storyboard */ = {
			isa = PBXVariantGroup;
			children = (
				E255F1D229AB208000BC9DF0 /* Base */,
			);
			name = Main.storyboard;
			sourceTree = "<group>";
		};
		E255F1D629AB208200BC9DF0 /* LaunchScreen.storyboard */ = {
			isa = PBXVariantGroup;
			children = (
				E255F1D729AB208200BC9DF0 /* Base */,
			);
			name = LaunchScreen.storyboard;
			sourceTree = "<group>";
		};
/* End PBXVariantGroup section */

/* Begin XCBuildConfiguration section */
		E255F1DA29AB208200BC9DF0 /* Debug */ = {
			isa = XCBuildConfiguration;
			buildSettings = {
				ALWAYS_SEARCH_USER_PATHS = NO;
				CLANG_ANALYZER_NONNULL = YES;
				CLANG_ANALYZER_NUMBER_OBJECT_CONVERSION = YES_AGGRESSIVE;
				CLANG_CXX_LANGUAGE_STANDARD = "gnu++20";
				CLANG_ENABLE_MODULES = YES;
				CLANG_ENABLE_OBJC_ARC = YES;
				CLANG_ENABLE_OBJC_WEAK = YES;
				CLANG_WARN_BLOCK_CAPTURE_AUTORELEASING = YES;
				CLANG_WARN_BOOL_CONVERSION = YES;
				CLANG_WARN_COMMA = YES;
				CLANG_WARN_CONSTANT_CONVERSION = YES;
				CLANG_WARN_DEPRECATED_OBJC_IMPLEMENTATIONS = YES;
				CLANG_WARN_DIRECT_OBJC_ISA_USAGE = YES_ERROR;
				CLANG_WARN_DOCUMENTATION_COMMENTS = YES;
				CLANG_WARN_EMPTY_BODY = YES;
				CLANG_WARN_ENUM_CONVERSION = YES;
				CLANG_WARN_INFINITE_RECURSION = YES;
				CLANG_WARN_INT_CONVERSION = YES;
				CLANG_WARN_NON_LITERAL_NULL_CONVERSION = YES;
				CLANG_WARN_OBJC_IMPLICIT_RETAIN_SELF = YES;
				CLANG_WARN_OBJC_LITERAL_CONVERSION = YES;
				CLANG_WARN_OBJC_ROOT_CLASS = YES_ERROR;
				CLANG_WARN_QUOTED_INCLUDE_IN_FRAMEWORK_HEADER = YES;
				CLANG_WARN_RANGE_LOOP_ANALYSIS = YES;
				CLANG_WARN_STRICT_PROTOTYPES = YES;
				CLANG_WARN_SUSPICIOUS_MOVE = YES;
				CLANG_WARN_UNGUARDED_AVAILABILITY = YES_AGGRESSIVE;
				CLANG_WARN_UNREACHABLE_CODE = YES;
				CLANG_WARN__DUPLICATE_METHOD_MATCH = YES;
				COPY_PHASE_STRIP = NO;
				DEBUG_INFORMATION_FORMAT = dwarf;
				ENABLE_STRICT_OBJC_MSGSEND = YES;
				ENABLE_TESTABILITY = YES;
				GCC_C_LANGUAGE_STANDARD = gnu11;
				GCC_DYNAMIC_NO_PIC = NO;
				GCC_NO_COMMON_BLOCKS = YES;
				GCC_OPTIMIZATION_LEVEL = 0;
				GCC_PREPROCESSOR_DEFINITIONS = (
					"DEBUG=1",
					"$(inherited)",
				);
				GCC_WARN_64_TO_32_BIT_CONVERSION = YES;
				GCC_WARN_ABOUT_RETURN_TYPE = YES_ERROR;
				GCC_WARN_UNDECLARED_SELECTOR = YES;
				GCC_WARN_UNINITIALIZED_AUTOS = YES_AGGRESSIVE;
				GCC_WARN_UNUSED_FUNCTION = YES;
				GCC_WARN_UNUSED_VARIABLE = YES;
				IPHONEOS_DEPLOYMENT_TARGET = 16.0;
				MTL_ENABLE_DEBUG_INFO = INCLUDE_SOURCE;
				MTL_FAST_MATH = YES;
				ONLY_ACTIVE_ARCH = YES;
				SDKROOT = iphoneos;
				SWIFT_ACTIVE_COMPILATION_CONDITIONS = DEBUG;
				SWIFT_OPTIMIZATION_LEVEL = "-Onone";
			};
			name = Debug;
		};
		E255F1DB29AB208200BC9DF0 /* Release */ = {
			isa = XCBuildConfiguration;
			buildSettings = {
				ALWAYS_SEARCH_USER_PATHS = NO;
				CLANG_ANALYZER_NONNULL = YES;
				CLANG_ANALYZER_NUMBER_OBJECT_CONVERSION = YES_AGGRESSIVE;
				CLANG_CXX_LANGUAGE_STANDARD = "gnu++20";
				CLANG_ENABLE_MODULES = YES;
				CLANG_ENABLE_OBJC_ARC = YES;
				CLANG_ENABLE_OBJC_WEAK = YES;
				CLANG_WARN_BLOCK_CAPTURE_AUTORELEASING = YES;
				CLANG_WARN_BOOL_CONVERSION = YES;
				CLANG_WARN_COMMA = YES;
				CLANG_WARN_CONSTANT_CONVERSION = YES;
				CLANG_WARN_DEPRECATED_OBJC_IMPLEMENTATIONS = YES;
				CLANG_WARN_DIRECT_OBJC_ISA_USAGE = YES_ERROR;
				CLANG_WARN_DOCUMENTATION_COMMENTS = YES;
				CLANG_WARN_EMPTY_BODY = YES;
				CLANG_WARN_ENUM_CONVERSION = YES;
				CLANG_WARN_INFINITE_RECURSION = YES;
				CLANG_WARN_INT_CONVERSION = YES;
				CLANG_WARN_NON_LITERAL_NULL_CONVERSION = YES;
				CLANG_WARN_OBJC_IMPLICIT_RETAIN_SELF = YES;
				CLANG_WARN_OBJC_LITERAL_CONVERSION = YES;
				CLANG_WARN_OBJC_ROOT_CLASS = YES_ERROR;
				CLANG_WARN_QUOTED_INCLUDE_IN_FRAMEWORK_HEADER = YES;
				CLANG_WARN_RANGE_LOOP_ANALYSIS = YES;
				CLANG_WARN_STRICT_PROTOTYPES = YES;
				CLANG_WARN_SUSPICIOUS_MOVE = YES;
				CLANG_WARN_UNGUARDED_AVAILABILITY = YES_AGGRESSIVE;
				CLANG_WARN_UNREACHABLE_CODE = YES;
				CLANG_WARN__DUPLICATE_METHOD_MATCH = YES;
				COPY_PHASE_STRIP = NO;
				DEBUG_INFORMATION_FORMAT = "dwarf-with-dsym";
				ENABLE_NS_ASSERTIONS = NO;
				ENABLE_STRICT_OBJC_MSGSEND = YES;
				GCC_C_LANGUAGE_STANDARD = gnu11;
				GCC_NO_COMMON_BLOCKS = YES;
				GCC_WARN_64_TO_32_BIT_CONVERSION = YES;
				GCC_WARN_ABOUT_RETURN_TYPE = YES_ERROR;
				GCC_WARN_UNDECLARED_SELECTOR = YES;
				GCC_WARN_UNINITIALIZED_AUTOS = YES_AGGRESSIVE;
				GCC_WARN_UNUSED_FUNCTION = YES;
				GCC_WARN_UNUSED_VARIABLE = YES;
				IPHONEOS_DEPLOYMENT_TARGET = 16.0;
				MTL_ENABLE_DEBUG_INFO = NO;
				MTL_FAST_MATH = YES;
				SDKROOT = iphoneos;
				SWIFT_COMPILATION_MODE = wholemodule;
				SWIFT_OPTIMIZATION_LEVEL = "-O";
				VALIDATE_PRODUCT = YES;
			};
			name = Release;
		};
		E255F1DD29AB208200BC9DF0 /* Debug */ = {
			isa = XCBuildConfiguration;
			buildSettings = {
				ASSETCATALOG_COMPILER_APPICON_NAME = AppIcon;
				ASSETCATALOG_COMPILER_GLOBAL_ACCENT_COLOR_NAME = AccentColor;
				CODE_SIGN_STYLE = Automatic;
				CURRENT_PROJECT_VERSION = 1;
				DEVELOPMENT_TEAM = 3NPC3GMLYQ;
				GENERATE_INFOPLIST_FILE = YES;
				INFOPLIST_FILE = superheroStory/Info.plist;
				INFOPLIST_KEY_UIApplicationSupportsIndirectInputEvents = YES;
				INFOPLIST_KEY_UILaunchStoryboardName = LaunchScreen;
				INFOPLIST_KEY_UIMainStoryboardFile = Main;
				INFOPLIST_KEY_UISupportedInterfaceOrientations_iPad = "UIInterfaceOrientationPortrait UIInterfaceOrientationPortraitUpsideDown UIInterfaceOrientationLandscapeLeft UIInterfaceOrientationLandscapeRight";
				INFOPLIST_KEY_UISupportedInterfaceOrientations_iPhone = "UIInterfaceOrientationPortrait UIInterfaceOrientationLandscapeLeft UIInterfaceOrientationLandscapeRight";
				LD_RUNPATH_SEARCH_PATHS = (
					"$(inherited)",
					"@executable_path/Frameworks",
				);
				MARKETING_VERSION = 1.0;
				PRODUCT_BUNDLE_IDENTIFIER = com.ahmed.superheroStory;
				PRODUCT_NAME = "$(TARGET_NAME)";
				SWIFT_EMIT_LOC_STRINGS = YES;
				SWIFT_VERSION = 5.0;
				TARGETED_DEVICE_FAMILY = "1,2";
			};
			name = Debug;
		};
		E255F1DE29AB208200BC9DF0 /* Release */ = {
			isa = XCBuildConfiguration;
			buildSettings = {
				ASSETCATALOG_COMPILER_APPICON_NAME = AppIcon;
				ASSETCATALOG_COMPILER_GLOBAL_ACCENT_COLOR_NAME = AccentColor;
				CODE_SIGN_STYLE = Automatic;
				CURRENT_PROJECT_VERSION = 1;
				DEVELOPMENT_TEAM = 3NPC3GMLYQ;
				GENERATE_INFOPLIST_FILE = YES;
				INFOPLIST_FILE = superheroStory/Info.plist;
				INFOPLIST_KEY_UIApplicationSupportsIndirectInputEvents = YES;
				INFOPLIST_KEY_UILaunchStoryboardName = LaunchScreen;
				INFOPLIST_KEY_UIMainStoryboardFile = Main;
				INFOPLIST_KEY_UISupportedInterfaceOrientations_iPad = "UIInterfaceOrientationPortrait UIInterfaceOrientationPortraitUpsideDown UIInterfaceOrientationLandscapeLeft UIInterfaceOrientationLandscapeRight";
				INFOPLIST_KEY_UISupportedInterfaceOrientations_iPhone = "UIInterfaceOrientationPortrait UIInterfaceOrientationLandscapeLeft UIInterfaceOrientationLandscapeRight";
				LD_RUNPATH_SEARCH_PATHS = (
					"$(inherited)",
					"@executable_path/Frameworks",
				);
				MARKETING_VERSION = 1.0;
				PRODUCT_BUNDLE_IDENTIFIER = com.ahmed.superheroStory;
				PRODUCT_NAME = "$(TARGET_NAME)";
				SWIFT_EMIT_LOC_STRINGS = YES;
				SWIFT_VERSION = 5.0;
				TARGETED_DEVICE_FAMILY = "1,2";
			};
			name = Release;
		};
/* End XCBuildConfiguration section */

/* Begin XCConfigurationList section */
		E255F1C329AB208000BC9DF0 /* Build configuration list for PBXProject "superheroStory" */ = {
			isa = XCConfigurationList;
			buildConfigurations = (
				E255F1DA29AB208200BC9DF0 /* Debug */,
				E255F1DB29AB208200BC9DF0 /* Release */,
			);
			defaultConfigurationIsVisible = 0;
			defaultConfigurationName = Release;
		};
		E255F1DC29AB208200BC9DF0 /* Build configuration list for PBXNativeTarget "superheroStory" */ = {
			isa = XCConfigurationList;
			buildConfigurations = (
				E255F1DD29AB208200BC9DF0 /* Debug */,
				E255F1DE29AB208200BC9DF0 /* Release */,
			);
			defaultConfigurationIsVisible = 0;
			defaultConfigurationName = Release;
		};
/* End XCConfigurationList section */
	};
	rootObject = E255F1C029AB208000BC9DF0 /* Project object */;
}
